// !$*UTF8*$!
{
	archiveVersion = 1;
	classes = {
	};
	objectVersion = 51;
	objects = {

/* Begin PBXBuildFile section */
		07A6BF34244B25E400288679 /* UIBezierPath+WNPoints.m in Sources */ = {isa = PBXBuildFile; fileRef = 07A6BF32244B25E300288679 /* UIBezierPath+WNPoints.m */; };
		07A6BF37244B31F700288679 /* HYCollectionHeaderView.m in Sources */ = {isa = PBXBuildFile; fileRef = 07A6BF36244B31F700288679 /* HYCollectionHeaderView.m */; };
		07BAADD0244B000B00A0921F /* AppDelegate.m in Sources */ = {isa = PBXBuildFile; fileRef = 07BAADCF244B000B00A0921F /* AppDelegate.m */; };
		07BAADD3244B000B00A0921F /* SceneDelegate.m in Sources */ = {isa = PBXBuildFile; fileRef = 07BAADD2244B000B00A0921F /* SceneDelegate.m */; };
		07BAADD6244B000B00A0921F /* ViewController.m in Sources */ = {isa = PBXBuildFile; fileRef = 07BAADD5244B000B00A0921F /* ViewController.m */; };
		07BAADD9244B000B00A0921F /* Main.storyboard in Resources */ = {isa = PBXBuildFile; fileRef = 07BAADD7244B000B00A0921F /* Main.storyboard */; };
		07BAADDB244B001200A0921F /* Assets.xcassets in Resources */ = {isa = PBXBuildFile; fileRef = 07BAADDA244B001200A0921F /* Assets.xcassets */; };
		07BAADDE244B001200A0921F /* LaunchScreen.storyboard in Resources */ = {isa = PBXBuildFile; fileRef = 07BAADDC244B001200A0921F /* LaunchScreen.storyboard */; };
		07BAADE1244B001200A0921F /* main.m in Sources */ = {isa = PBXBuildFile; fileRef = 07BAADE0244B001200A0921F /* main.m */; };
		07BAADEB244B001300A0921F /* ceshiTests.m in Sources */ = {isa = PBXBuildFile; fileRef = 07BAADEA244B001300A0921F /* ceshiTests.m */; };
		07BAADF6244B001300A0921F /* ceshiUITests.m in Sources */ = {isa = PBXBuildFile; fileRef = 07BAADF5244B001300A0921F /* ceshiUITests.m */; };
		07BAAE06244B010A00A0921F /* HYShenHeRenCell.m in Sources */ = {isa = PBXBuildFile; fileRef = 07BAAE03244B010A00A0921F /* HYShenHeRenCell.m */; };
		07BAAE07244B010A00A0921F /* HYShenHeRenCell.xib in Resources */ = {isa = PBXBuildFile; fileRef = 07BAAE04244B010A00A0921F /* HYShenHeRenCell.xib */; };
		405AA167E1E4523A8B56E283 /* Pods_ceshi.framework in Frameworks */ = {isa = PBXBuildFile; fileRef = 70E56206219228A9B5C53FFF /* Pods_ceshi.framework */; };
		92B142C6244DE0A1008454ED /* Item.m in Sources */ = {isa = PBXBuildFile; fileRef = 92B142C5244DE0A1008454ED /* Item.m */; };
		92FAA782244EAFB8004B2C5E /* FlowSheetManager.m in Sources */ = {isa = PBXBuildFile; fileRef = 92FAA781244EAFB8004B2C5E /* FlowSheetManager.m */; };
/* End PBXBuildFile section */

/* Begin PBXContainerItemProxy section */
		07BAADE7244B001300A0921F /* PBXContainerItemProxy */ = {
			isa = PBXContainerItemProxy;
			containerPortal = 07BAADC3244B000B00A0921F /* Project object */;
			proxyType = 1;
			remoteGlobalIDString = 07BAADCA244B000B00A0921F;
			remoteInfo = ceshi;
		};
		07BAADF2244B001300A0921F /* PBXContainerItemProxy */ = {
			isa = PBXContainerItemProxy;
			containerPortal = 07BAADC3244B000B00A0921F /* Project object */;
			proxyType = 1;
			remoteGlobalIDString = 07BAADCA244B000B00A0921F;
			remoteInfo = ceshi;
		};
/* End PBXContainerItemProxy section */

/* Begin PBXFileReference section */
		07A6BF32244B25E300288679 /* UIBezierPath+WNPoints.m */ = {isa = PBXFileReference; fileEncoding = 4; lastKnownFileType = sourcecode.c.objc; path = "UIBezierPath+WNPoints.m"; sourceTree = "<group>"; };
		07A6BF33244B25E400288679 /* UIBezierPath+WNPoints.h */ = {isa = PBXFileReference; fileEncoding = 4; lastKnownFileType = sourcecode.c.h; path = "UIBezierPath+WNPoints.h"; sourceTree = "<group>"; };
		07A6BF35244B31F700288679 /* HYCollectionHeaderView.h */ = {isa = PBXFileReference; lastKnownFileType = sourcecode.c.h; path = HYCollectionHeaderView.h; sourceTree = "<group>"; };
		07A6BF36244B31F700288679 /* HYCollectionHeaderView.m */ = {isa = PBXFileReference; lastKnownFileType = sourcecode.c.objc; path = HYCollectionHeaderView.m; sourceTree = "<group>"; };
		07BAADCB244B000B00A0921F /* ceshi.app */ = {isa = PBXFileReference; explicitFileType = wrapper.application; includeInIndex = 0; path = ceshi.app; sourceTree = BUILT_PRODUCTS_DIR; };
		07BAADCE244B000B00A0921F /* AppDelegate.h */ = {isa = PBXFileReference; lastKnownFileType = sourcecode.c.h; path = AppDelegate.h; sourceTree = "<group>"; };
		07BAADCF244B000B00A0921F /* AppDelegate.m */ = {isa = PBXFileReference; lastKnownFileType = sourcecode.c.objc; path = AppDelegate.m; sourceTree = "<group>"; };
		07BAADD1244B000B00A0921F /* SceneDelegate.h */ = {isa = PBXFileReference; lastKnownFileType = sourcecode.c.h; path = SceneDelegate.h; sourceTree = "<group>"; };
		07BAADD2244B000B00A0921F /* SceneDelegate.m */ = {isa = PBXFileReference; lastKnownFileType = sourcecode.c.objc; path = SceneDelegate.m; sourceTree = "<group>"; };
		07BAADD4244B000B00A0921F /* ViewController.h */ = {isa = PBXFileReference; lastKnownFileType = sourcecode.c.h; path = ViewController.h; sourceTree = "<group>"; };
		07BAADD5244B000B00A0921F /* ViewController.m */ = {isa = PBXFileReference; lastKnownFileType = sourcecode.c.objc; path = ViewController.m; sourceTree = "<group>"; };
		07BAADD8244B000B00A0921F /* Base */ = {isa = PBXFileReference; lastKnownFileType = file.storyboard; name = Base; path = Base.lproj/Main.storyboard; sourceTree = "<group>"; };
		07BAADDA244B001200A0921F /* Assets.xcassets */ = {isa = PBXFileReference; lastKnownFileType = folder.assetcatalog; path = Assets.xcassets; sourceTree = "<group>"; };
		07BAADDD244B001200A0921F /* Base */ = {isa = PBXFileReference; lastKnownFileType = file.storyboard; name = Base; path = Base.lproj/LaunchScreen.storyboard; sourceTree = "<group>"; };
		07BAADDF244B001200A0921F /* Info.plist */ = {isa = PBXFileReference; lastKnownFileType = text.plist.xml; path = Info.plist; sourceTree = "<group>"; };
		07BAADE0244B001200A0921F /* main.m */ = {isa = PBXFileReference; lastKnownFileType = sourcecode.c.objc; path = main.m; sourceTree = "<group>"; };
		07BAADE6244B001300A0921F /* ceshiTests.xctest */ = {isa = PBXFileReference; explicitFileType = wrapper.cfbundle; includeInIndex = 0; path = ceshiTests.xctest; sourceTree = BUILT_PRODUCTS_DIR; };
		07BAADEA244B001300A0921F /* ceshiTests.m */ = {isa = PBXFileReference; lastKnownFileType = sourcecode.c.objc; path = ceshiTests.m; sourceTree = "<group>"; };
		07BAADEC244B001300A0921F /* Info.plist */ = {isa = PBXFileReference; lastKnownFileType = text.plist.xml; path = Info.plist; sourceTree = "<group>"; };
		07BAADF1244B001300A0921F /* ceshiUITests.xctest */ = {isa = PBXFileReference; explicitFileType = wrapper.cfbundle; includeInIndex = 0; path = ceshiUITests.xctest; sourceTree = BUILT_PRODUCTS_DIR; };
		07BAADF5244B001300A0921F /* ceshiUITests.m */ = {isa = PBXFileReference; lastKnownFileType = sourcecode.c.objc; path = ceshiUITests.m; sourceTree = "<group>"; };
		07BAADF7244B001300A0921F /* Info.plist */ = {isa = PBXFileReference; lastKnownFileType = text.plist.xml; path = Info.plist; sourceTree = "<group>"; };
		07BAAE03244B010A00A0921F /* HYShenHeRenCell.m */ = {isa = PBXFileReference; fileEncoding = 4; lastKnownFileType = sourcecode.c.objc; path = HYShenHeRenCell.m; sourceTree = "<group>"; };
		07BAAE04244B010A00A0921F /* HYShenHeRenCell.xib */ = {isa = PBXFileReference; fileEncoding = 4; lastKnownFileType = file.xib; path = HYShenHeRenCell.xib; sourceTree = "<group>"; };
		07BAAE05244B010A00A0921F /* HYShenHeRenCell.h */ = {isa = PBXFileReference; fileEncoding = 4; lastKnownFileType = sourcecode.c.h; path = HYShenHeRenCell.h; sourceTree = "<group>"; };
		70E56206219228A9B5C53FFF /* Pods_ceshi.framework */ = {isa = PBXFileReference; explicitFileType = wrapper.framework; includeInIndex = 0; path = Pods_ceshi.framework; sourceTree = BUILT_PRODUCTS_DIR; };
		92B142C4244DE0A1008454ED /* Item.h */ = {isa = PBXFileReference; lastKnownFileType = sourcecode.c.h; path = Item.h; sourceTree = "<group>"; };
		92B142C5244DE0A1008454ED /* Item.m */ = {isa = PBXFileReference; lastKnownFileType = sourcecode.c.objc; path = Item.m; sourceTree = "<group>"; };
		92FAA780244EAFB8004B2C5E /* FlowSheetManager.h */ = {isa = PBXFileReference; lastKnownFileType = sourcecode.c.h; path = FlowSheetManager.h; sourceTree = "<group>"; };
		92FAA781244EAFB8004B2C5E /* FlowSheetManager.m */ = {isa = PBXFileReference; lastKnownFileType = sourcecode.c.objc; path = FlowSheetManager.m; sourceTree = "<group>"; };
		F14501454FBD48FB500062CE /* Pods-ceshi.release.xcconfig */ = {isa = PBXFileReference; includeInIndex = 1; lastKnownFileType = text.xcconfig; name = "Pods-ceshi.release.xcconfig"; path = "Target Support Files/Pods-ceshi/Pods-ceshi.release.xcconfig"; sourceTree = "<group>"; };
		FF66489CAFED3BD411C9A888 /* Pods-ceshi.debug.xcconfig */ = {isa = PBXFileReference; includeInIndex = 1; lastKnownFileType = text.xcconfig; name = "Pods-ceshi.debug.xcconfig"; path = "Target Support Files/Pods-ceshi/Pods-ceshi.debug.xcconfig"; sourceTree = "<group>"; };
/* End PBXFileReference section */

/* Begin PBXFrameworksBuildPhase section */
		07BAADC8244B000B00A0921F /* Frameworks */ = {
			isa = PBXFrameworksBuildPhase;
			buildActionMask = 2147483647;
			files = (
				405AA167E1E4523A8B56E283 /* Pods_ceshi.framework in Frameworks */,
			);
			runOnlyForDeploymentPostprocessing = 0;
		};
		07BAADE3244B001300A0921F /* Frameworks */ = {
			isa = PBXFrameworksBuildPhase;
			buildActionMask = 2147483647;
			files = (
			);
			runOnlyForDeploymentPostprocessing = 0;
		};
		07BAADEE244B001300A0921F /* Frameworks */ = {
			isa = PBXFrameworksBuildPhase;
			buildActionMask = 2147483647;
			files = (
			);
			runOnlyForDeploymentPostprocessing = 0;
		};
/* End PBXFrameworksBuildPhase section */

/* Begin PBXGroup section */
		07BAADC2244B000B00A0921F = {
			isa = PBXGroup;
			children = (
				07BAADCD244B000B00A0921F /* ceshi */,
				07BAADE9244B001300A0921F /* ceshiTests */,
				07BAADF4244B001300A0921F /* ceshiUITests */,
				07BAADCC244B000B00A0921F /* Products */,
				A68C91295BAB866D12730193 /* Pods */,
				455F60C00755EFFDD4CE8FD5 /* Frameworks */,
			);
			sourceTree = "<group>";
		};
		07BAADCC244B000B00A0921F /* Products */ = {
			isa = PBXGroup;
			children = (
				07BAADCB244B000B00A0921F /* ceshi.app */,
				07BAADE6244B001300A0921F /* ceshiTests.xctest */,
				07BAADF1244B001300A0921F /* ceshiUITests.xctest */,
			);
			name = Products;
			sourceTree = "<group>";
		};
		07BAADCD244B000B00A0921F /* ceshi */ = {
			isa = PBXGroup;
			children = (
				92FAA780244EAFB8004B2C5E /* FlowSheetManager.h */,
				92FAA781244EAFB8004B2C5E /* FlowSheetManager.m */,
				07BAADCE244B000B00A0921F /* AppDelegate.h */,
				07BAADCF244B000B00A0921F /* AppDelegate.m */,
				07BAADD1244B000B00A0921F /* SceneDelegate.h */,
				07BAADD2244B000B00A0921F /* SceneDelegate.m */,
				07BAADD4244B000B00A0921F /* ViewController.h */,
				07BAADD5244B000B00A0921F /* ViewController.m */,
				07BAAE05244B010A00A0921F /* HYShenHeRenCell.h */,
				07BAAE03244B010A00A0921F /* HYShenHeRenCell.m */,
				07BAAE04244B010A00A0921F /* HYShenHeRenCell.xib */,
				07A6BF33244B25E400288679 /* UIBezierPath+WNPoints.h */,
				07A6BF32244B25E300288679 /* UIBezierPath+WNPoints.m */,
				07A6BF35244B31F700288679 /* HYCollectionHeaderView.h */,
				07A6BF36244B31F700288679 /* HYCollectionHeaderView.m */,
				07BAADD7244B000B00A0921F /* Main.storyboard */,
				07BAADDA244B001200A0921F /* Assets.xcassets */,
				07BAADDC244B001200A0921F /* LaunchScreen.storyboard */,
				07BAADDF244B001200A0921F /* Info.plist */,
				07BAADE0244B001200A0921F /* main.m */,
				92B142C4244DE0A1008454ED /* Item.h */,
				92B142C5244DE0A1008454ED /* Item.m */,
			);
			path = ceshi;
			sourceTree = "<group>";
		};
		07BAADE9244B001300A0921F /* ceshiTests */ = {
			isa = PBXGroup;
			children = (
				07BAADEA244B001300A0921F /* ceshiTests.m */,
				07BAADEC244B001300A0921F /* Info.plist */,
			);
			path = ceshiTests;
			sourceTree = "<group>";
		};
		07BAADF4244B001300A0921F /* ceshiUITests */ = {
			isa = PBXGroup;
			children = (
				07BAADF5244B001300A0921F /* ceshiUITests.m */,
				07BAADF7244B001300A0921F /* Info.plist */,
			);
			path = ceshiUITests;
			sourceTree = "<group>";
		};
		455F60C00755EFFDD4CE8FD5 /* Frameworks */ = {
			isa = PBXGroup;
			children = (
				70E56206219228A9B5C53FFF /* Pods_ceshi.framework */,
			);
			name = Frameworks;
			sourceTree = "<group>";
		};
		A68C91295BAB866D12730193 /* Pods */ = {
			isa = PBXGroup;
			children = (
				FF66489CAFED3BD411C9A888 /* Pods-ceshi.debug.xcconfig */,
				F14501454FBD48FB500062CE /* Pods-ceshi.release.xcconfig */,
			);
			path = Pods;
			sourceTree = "<group>";
		};
/* End PBXGroup section */

/* Begin PBXNativeTarget section */
		07BAADCA244B000B00A0921F /* ceshi */ = {
			isa = PBXNativeTarget;
			buildConfigurationList = 07BAADFA244B001300A0921F /* Build configuration list for PBXNativeTarget "ceshi" */;
			buildPhases = (
				9F49837F9E765E5DC6B4E55B /* [CP] Check Pods Manifest.lock */,
				07BAADC7244B000B00A0921F /* Sources */,
				07BAADC8244B000B00A0921F /* Frameworks */,
				07BAADC9244B000B00A0921F /* Resources */,
				74742DD65C5491A61847FCDA /* [CP] Embed Pods Frameworks */,
			);
			buildRules = (
			);
			dependencies = (
			);
			name = ceshi;
			productName = ceshi;
			productReference = 07BAADCB244B000B00A0921F /* ceshi.app */;
			productType = "com.apple.product-type.application";
		};
		07BAADE5244B001300A0921F /* ceshiTests */ = {
			isa = PBXNativeTarget;
			buildConfigurationList = 07BAADFD244B001300A0921F /* Build configuration list for PBXNativeTarget "ceshiTests" */;
			buildPhases = (
				07BAADE2244B001300A0921F /* Sources */,
				07BAADE3244B001300A0921F /* Frameworks */,
				07BAADE4244B001300A0921F /* Resources */,
			);
			buildRules = (
			);
			dependencies = (
				07BAADE8244B001300A0921F /* PBXTargetDependency */,
			);
			name = ceshiTests;
			productName = ceshiTests;
			productReference = 07BAADE6244B001300A0921F /* ceshiTests.xctest */;
			productType = "com.apple.product-type.bundle.unit-test";
		};
		07BAADF0244B001300A0921F /* ceshiUITests */ = {
			isa = PBXNativeTarget;
			buildConfigurationList = 07BAAE00244B001300A0921F /* Build configuration list for PBXNativeTarget "ceshiUITests" */;
			buildPhases = (
				07BAADED244B001300A0921F /* Sources */,
				07BAADEE244B001300A0921F /* Frameworks */,
				07BAADEF244B001300A0921F /* Resources */,
			);
			buildRules = (
			);
			dependencies = (
				07BAADF3244B001300A0921F /* PBXTargetDependency */,
			);
			name = ceshiUITests;
			productName = ceshiUITests;
			productReference = 07BAADF1244B001300A0921F /* ceshiUITests.xctest */;
			productType = "com.apple.product-type.bundle.ui-testing";
		};
/* End PBXNativeTarget section */

/* Begin PBXProject section */
		07BAADC3244B000B00A0921F /* Project object */ = {
			isa = PBXProject;
			attributes = {
				LastUpgradeCheck = 1130;
				ORGANIZATIONNAME = A;
				TargetAttributes = {
					07BAADCA244B000B00A0921F = {
						CreatedOnToolsVersion = 11.3.1;
					};
					07BAADE5244B001300A0921F = {
						CreatedOnToolsVersion = 11.3.1;
						TestTargetID = 07BAADCA244B000B00A0921F;
					};
					07BAADF0244B001300A0921F = {
						CreatedOnToolsVersion = 11.3.1;
						TestTargetID = 07BAADCA244B000B00A0921F;
					};
				};
			};
			buildConfigurationList = 07BAADC6244B000B00A0921F /* Build configuration list for PBXProject "ceshi" */;
			compatibilityVersion = "Xcode 9.3";
			developmentRegion = en;
			hasScannedForEncodings = 0;
			knownRegions = (
				en,
				Base,
			);
			mainGroup = 07BAADC2244B000B00A0921F;
			productRefGroup = 07BAADCC244B000B00A0921F /* Products */;
			projectDirPath = "";
			projectRoot = "";
			targets = (
				07BAADCA244B000B00A0921F /* ceshi */,
				07BAADE5244B001300A0921F /* ceshiTests */,
				07BAADF0244B001300A0921F /* ceshiUITests */,
			);
		};
/* End PBXProject section */

/* Begin PBXResourcesBuildPhase section */
		07BAADC9244B000B00A0921F /* Resources */ = {
			isa = PBXResourcesBuildPhase;
			buildActionMask = 2147483647;
			files = (
				07BAADDE244B001200A0921F /* LaunchScreen.storyboard in Resources */,
				07BAAE07244B010A00A0921F /* HYShenHeRenCell.xib in Resources */,
				07BAADDB244B001200A0921F /* Assets.xcassets in Resources */,
				07BAADD9244B000B00A0921F /* Main.storyboard in Resources */,
			);
			runOnlyForDeploymentPostprocessing = 0;
		};
		07BAADE4244B001300A0921F /* Resources */ = {
			isa = PBXResourcesBuildPhase;
			buildActionMask = 2147483647;
			files = (
			);
			runOnlyForDeploymentPostprocessing = 0;
		};
		07BAADEF244B001300A0921F /* Resources */ = {
			isa = PBXResourcesBuildPhase;
			buildActionMask = 2147483647;
			files = (
			);
			runOnlyForDeploymentPostprocessing = 0;
		};
/* End PBXResourcesBuildPhase section */

/* Begin PBXShellScriptBuildPhase section */
		74742DD65C5491A61847FCDA /* [CP] Embed Pods Frameworks */ = {
			isa = PBXShellScriptBuildPhase;
			buildActionMask = 2147483647;
			files = (
			);
			inputFileListPaths = (
				"${PODS_ROOT}/Target Support Files/Pods-ceshi/Pods-ceshi-frameworks-${CONFIGURATION}-input-files.xcfilelist",
			);
			name = "[CP] Embed Pods Frameworks";
			outputFileListPaths = (
				"${PODS_ROOT}/Target Support Files/Pods-ceshi/Pods-ceshi-frameworks-${CONFIGURATION}-output-files.xcfilelist",
			);
			runOnlyForDeploymentPostprocessing = 0;
			shellPath = /bin/sh;
			shellScript = "\"${PODS_ROOT}/Target Support Files/Pods-ceshi/Pods-ceshi-frameworks.sh\"\n";
			showEnvVarsInLog = 0;
		};
		9F49837F9E765E5DC6B4E55B /* [CP] Check Pods Manifest.lock */ = {
			isa = PBXShellScriptBuildPhase;
			buildActionMask = 2147483647;
			files = (
			);
			inputFileListPaths = (
			);
			inputPaths = (
				"${PODS_PODFILE_DIR_PATH}/Podfile.lock",
				"${PODS_ROOT}/Manifest.lock",
			);
			name = "[CP] Check Pods Manifest.lock";
			outputFileListPaths = (
			);
			outputPaths = (
				"$(DERIVED_FILE_DIR)/Pods-ceshi-checkManifestLockResult.txt",
			);
			runOnlyForDeploymentPostprocessing = 0;
			shellPath = /bin/sh;
			shellScript = "diff \"${PODS_PODFILE_DIR_PATH}/Podfile.lock\" \"${PODS_ROOT}/Manifest.lock\" > /dev/null\nif [ $? != 0 ] ; then\n    # print error to STDERR\n    echo \"error: The sandbox is not in sync with the Podfile.lock. Run 'pod install' or update your CocoaPods installation.\" >&2\n    exit 1\nfi\n# This output is used by Xcode 'outputs' to avoid re-running this script phase.\necho \"SUCCESS\" > \"${SCRIPT_OUTPUT_FILE_0}\"\n";
			showEnvVarsInLog = 0;
		};
/* End PBXShellScriptBuildPhase section */

/* Begin PBXSourcesBuildPhase section */
		07BAADC7244B000B00A0921F /* Sources */ = {
			isa = PBXSourcesBuildPhase;
			buildActionMask = 2147483647;
			files = (
				92B142C6244DE0A1008454ED /* Item.m in Sources */,
				07BAADD6244B000B00A0921F /* ViewController.m in Sources */,
				07BAADD0244B000B00A0921F /* AppDelegate.m in Sources */,
				92FAA782244EAFB8004B2C5E /* FlowSheetManager.m in Sources */,
				07BAADE1244B001200A0921F /* main.m in Sources */,
				07BAADD3244B000B00A0921F /* SceneDelegate.m in Sources */,
				07BAAE06244B010A00A0921F /* HYShenHeRenCell.m in Sources */,
				07A6BF34244B25E400288679 /* UIBezierPath+WNPoints.m in Sources */,
				07A6BF37244B31F700288679 /* HYCollectionHeaderView.m in Sources */,
			);
			runOnlyForDeploymentPostprocessing = 0;
		};
		07BAADE2244B001300A0921F /* Sources */ = {
			isa = PBXSourcesBuildPhase;
			buildActionMask = 2147483647;
			files = (
				07BAADEB244B001300A0921F /* ceshiTests.m in Sources */,
			);
			runOnlyForDeploymentPostprocessing = 0;
		};
		07BAADED244B001300A0921F /* Sources */ = {
			isa = PBXSourcesBuildPhase;
			buildActionMask = 2147483647;
			files = (
				07BAADF6244B001300A0921F /* ceshiUITests.m in Sources */,
			);
			runOnlyForDeploymentPostprocessing = 0;
		};
/* End PBXSourcesBuildPhase section */

/* Begin PBXTargetDependency section */
		07BAADE8244B001300A0921F /* PBXTargetDependency */ = {
			isa = PBXTargetDependency;
			target = 07BAADCA244B000B00A0921F /* ceshi */;
			targetProxy = 07BAADE7244B001300A0921F /* PBXContainerItemProxy */;
		};
		07BAADF3244B001300A0921F /* PBXTargetDependency */ = {
			isa = PBXTargetDependency;
			target = 07BAADCA244B000B00A0921F /* ceshi */;
			targetProxy = 07BAADF2244B001300A0921F /* PBXContainerItemProxy */;
		};
/* End PBXTargetDependency section */

/* Begin PBXVariantGroup section */
		07BAADD7244B000B00A0921F /* Main.storyboard */ = {
			isa = PBXVariantGroup;
			children = (
				07BAADD8244B000B00A0921F /* Base */,
			);
			name = Main.storyboard;
			sourceTree = "<group>";
		};
		07BAADDC244B001200A0921F /* LaunchScreen.storyboard */ = {
			isa = PBXVariantGroup;
			children = (
				07BAADDD244B001200A0921F /* Base */,
			);
			name = LaunchScreen.storyboard;
			sourceTree = "<group>";
		};
/* End PBXVariantGroup section */

/* Begin XCBuildConfiguration section */
		07BAADF8244B001300A0921F /* Debug */ = {
			isa = XCBuildConfiguration;
			buildSettings = {
				ALWAYS_SEARCH_USER_PATHS = NO;
				CLANG_ANALYZER_NONNULL = YES;
				CLANG_ANALYZER_NUMBER_OBJECT_CONVERSION = YES_AGGRESSIVE;
				CLANG_CXX_LANGUAGE_STANDARD = "gnu++14";
				CLANG_CXX_LIBRARY = "libc++";
				CLANG_ENABLE_MODULES = YES;
				CLANG_ENABLE_OBJC_ARC = YES;
				CLANG_ENABLE_OBJC_WEAK = YES;
				CLANG_WARN_BLOCK_CAPTURE_AUTORELEASING = YES;
				CLANG_WARN_BOOL_CONVERSION = YES;
				CLANG_WARN_COMMA = YES;
				CLANG_WARN_CONSTANT_CONVERSION = YES;
				CLANG_WARN_DEPRECATED_OBJC_IMPLEMENTATIONS = YES;
				CLANG_WARN_DIRECT_OBJC_ISA_USAGE = YES_ERROR;
				CLANG_WARN_DOCUMENTATION_COMMENTS = YES;
				CLANG_WARN_EMPTY_BODY = YES;
				CLANG_WARN_ENUM_CONVERSION = YES;
				CLANG_WARN_INFINITE_RECURSION = YES;
				CLANG_WARN_INT_CONVERSION = YES;
				CLANG_WARN_NON_LITERAL_NULL_CONVERSION = YES;
				CLANG_WARN_OBJC_IMPLICIT_RETAIN_SELF = YES;
				CLANG_WARN_OBJC_LITERAL_CONVERSION = YES;
				CLANG_WARN_OBJC_ROOT_CLASS = YES_ERROR;
				CLANG_WARN_RANGE_LOOP_ANALYSIS = YES;
				CLANG_WARN_STRICT_PROTOTYPES = YES;
				CLANG_WARN_SUSPICIOUS_MOVE = YES;
				CLANG_WARN_UNGUARDED_AVAILABILITY = YES_AGGRESSIVE;
				CLANG_WARN_UNREACHABLE_CODE = YES;
				CLANG_WARN__DUPLICATE_METHOD_MATCH = YES;
				COPY_PHASE_STRIP = NO;
				DEBUG_INFORMATION_FORMAT = dwarf;
				ENABLE_STRICT_OBJC_MSGSEND = YES;
				ENABLE_TESTABILITY = YES;
				GCC_C_LANGUAGE_STANDARD = gnu11;
				GCC_DYNAMIC_NO_PIC = NO;
				GCC_NO_COMMON_BLOCKS = YES;
				GCC_OPTIMIZATION_LEVEL = 0;
				GCC_PREPROCESSOR_DEFINITIONS = (
					"DEBUG=1",
					"$(inherited)",
				);
				GCC_WARN_64_TO_32_BIT_CONVERSION = YES;
				GCC_WARN_ABOUT_RETURN_TYPE = YES_ERROR;
				GCC_WARN_UNDECLARED_SELECTOR = YES;
				GCC_WARN_UNINITIALIZED_AUTOS = YES_AGGRESSIVE;
				GCC_WARN_UNUSED_FUNCTION = YES;
				GCC_WARN_UNUSED_VARIABLE = YES;
				IPHONEOS_DEPLOYMENT_TARGET = 13.2;
				MTL_ENABLE_DEBUG_INFO = INCLUDE_SOURCE;
				MTL_FAST_MATH = YES;
				ONLY_ACTIVE_ARCH = YES;
				SDKROOT = iphoneos;
			};
			name = Debug;
		};
		07BAADF9244B001300A0921F /* Release */ = {
			isa = XCBuildConfiguration;
			buildSettings = {
				ALWAYS_SEARCH_USER_PATHS = NO;
				CLANG_ANALYZER_NONNULL = YES;
				CLANG_ANALYZER_NUMBER_OBJECT_CONVERSION = YES_AGGRESSIVE;
				CLANG_CXX_LANGUAGE_STANDARD = "gnu++14";
				CLANG_CXX_LIBRARY = "libc++";
				CLANG_ENABLE_MODULES = YES;
				CLANG_ENABLE_OBJC_ARC = YES;
				CLANG_ENABLE_OBJC_WEAK = YES;
				CLANG_WARN_BLOCK_CAPTURE_AUTORELEASING = YES;
				CLANG_WARN_BOOL_CONVERSION = YES;
				CLANG_WARN_COMMA = YES;
				CLANG_WARN_CONSTANT_CONVERSION = YES;
				CLANG_WARN_DEPRECATED_OBJC_IMPLEMENTATIONS = YES;
				CLANG_WARN_DIRECT_OBJC_ISA_USAGE = YES_ERROR;
				CLANG_WARN_DOCUMENTATION_COMMENTS = YES;
				CLANG_WARN_EMPTY_BODY = YES;
				CLANG_WARN_ENUM_CONVERSION = YES;
				CLANG_WARN_INFINITE_RECURSION = YES;
				CLANG_WARN_INT_CONVERSION = YES;
				CLANG_WARN_NON_LITERAL_NULL_CONVERSION = YES;
				CLANG_WARN_OBJC_IMPLICIT_RETAIN_SELF = YES;
				CLANG_WARN_OBJC_LITERAL_CONVERSION = YES;
				CLANG_WARN_OBJC_ROOT_CLASS = YES_ERROR;
				CLANG_WARN_RANGE_LOOP_ANALYSIS = YES;
				CLANG_WARN_STRICT_PROTOTYPES = YES;
				CLANG_WARN_SUSPICIOUS_MOVE = YES;
				CLANG_WARN_UNGUARDED_AVAILABILITY = YES_AGGRESSIVE;
				CLANG_WARN_UNREACHABLE_CODE = YES;
				CLANG_WARN__DUPLICATE_METHOD_MATCH = YES;
				COPY_PHASE_STRIP = NO;
				DEBUG_INFORMATION_FORMAT = "dwarf-with-dsym";
				ENABLE_NS_ASSERTIONS = NO;
				ENABLE_STRICT_OBJC_MSGSEND = YES;
				GCC_C_LANGUAGE_STANDARD = gnu11;
				GCC_NO_COMMON_BLOCKS = YES;
				GCC_WARN_64_TO_32_BIT_CONVERSION = YES;
				GCC_WARN_ABOUT_RETURN_TYPE = YES_ERROR;
				GCC_WARN_UNDECLARED_SELECTOR = YES;
				GCC_WARN_UNINITIALIZED_AUTOS = YES_AGGRESSIVE;
				GCC_WARN_UNUSED_FUNCTION = YES;
				GCC_WARN_UNUSED_VARIABLE = YES;
				IPHONEOS_DEPLOYMENT_TARGET = 13.2;
				MTL_ENABLE_DEBUG_INFO = NO;
				MTL_FAST_MATH = YES;
				SDKROOT = iphoneos;
				VALIDATE_PRODUCT = YES;
			};
			name = Release;
		};
		07BAADFB244B001300A0921F /* Debug */ = {
			isa = XCBuildConfiguration;
			baseConfigurationReference = FF66489CAFED3BD411C9A888 /* Pods-ceshi.debug.xcconfig */;
			buildSettings = {
				ASSETCATALOG_COMPILER_APPICON_NAME = AppIcon;
				CODE_SIGN_STYLE = Automatic;
				DEVELOPMENT_TEAM = Z825YEBLDW;
				INFOPLIST_FILE = ceshi/Info.plist;
				LD_RUNPATH_SEARCH_PATHS = (
					"$(inherited)",
					"@executable_path/Frameworks",
				);
				PRODUCT_BUNDLE_IDENTIFIER = com.anzipeng;
				PRODUCT_NAME = "$(TARGET_NAME)";
				TARGETED_DEVICE_FAMILY = "1,2";
			};
			name = Debug;
		};
		07BAADFC244B001300A0921F /* Release */ = {
			isa = XCBuildConfiguration;
			baseConfigurationReference = F14501454FBD48FB500062CE /* Pods-ceshi.release.xcconfig */;
			buildSettings = {
				ASSETCATALOG_COMPILER_APPICON_NAME = AppIcon;
				CODE_SIGN_STYLE = Automatic;
				DEVELOPMENT_TEAM = Z825YEBLDW;
				INFOPLIST_FILE = ceshi/Info.plist;
				LD_RUNPATH_SEARCH_PATHS = (
					"$(inherited)",
					"@executable_path/Frameworks",
				);
				PRODUCT_BUNDLE_IDENTIFIER = com.anzipeng;
				PRODUCT_NAME = "$(TARGET_NAME)";
				TARGETED_DEVICE_FAMILY = "1,2";
			};
			name = Release;
		};
		07BAADFE244B001300A0921F /* Debug */ = {
			isa = XCBuildConfiguration;
			buildSettings = {
				BUNDLE_LOADER = "$(TEST_HOST)";
				CODE_SIGN_STYLE = Automatic;
				DEVELOPMENT_TEAM = 343NRCW763;
				INFOPLIST_FILE = ceshiTests/Info.plist;
				IPHONEOS_DEPLOYMENT_TARGET = 13.2;
				LD_RUNPATH_SEARCH_PATHS = (
					"$(inherited)",
					"@executable_path/Frameworks",
					"@loader_path/Frameworks",
				);
				PRODUCT_BUNDLE_IDENTIFIER = HY.ceshiTests;
				PRODUCT_NAME = "$(TARGET_NAME)";
				TARGETED_DEVICE_FAMILY = "1,2";
				TEST_HOST = "$(BUILT_PRODUCTS_DIR)/ceshi.app/ceshi";
			};
			name = Debug;
		};
		07BAADFF244B001300A0921F /* Release */ = {
			isa = XCBuildConfiguration;
			buildSettings = {
				BUNDLE_LOADER = "$(TEST_HOST)";
				CODE_SIGN_STYLE = Automatic;
				DEVELOPMENT_TEAM = 343NRCW763;
				INFOPLIST_FILE = ceshiTests/Info.plist;
				IPHONEOS_DEPLOYMENT_TARGET = 13.2;
				LD_RUNPATH_SEARCH_PATHS = (
					"$(inherited)",
					"@executable_path/Frameworks",
					"@loader_path/Frameworks",
				);
				PRODUCT_BUNDLE_IDENTIFIER = HY.ceshiTests;
				PRODUCT_NAME = "$(TARGET_NAME)";
				TARGETED_DEVICE_FAMILY = "1,2";
				TEST_HOST = "$(BUILT_PRODUCTS_DIR)/ceshi.app/ceshi";
			};
			name = Release;
		};
		07BAAE01244B001300A0921F /* Debug */ = {
			isa = XCBuildConfiguration;
			buildSettings = {
				CODE_SIGN_STYLE = Automatic;
				DEVELOPMENT_TEAM = 343NRCW763;
				INFOPLIST_FILE = ceshiUITests/Info.plist;
				LD_RUNPATH_SEARCH_PATHS = (
					"$(inherited)",
					"@executable_path/Frameworks",
					"@loader_path/Frameworks",
				);
				PRODUCT_BUNDLE_IDENTIFIER = HY.ceshiUITests;
				PRODUCT_NAME = "$(TARGET_NAME)";
				TARGETED_DEVICE_FAMILY = "1,2";
				TEST_TARGET_NAME = ceshi;
			};
			name = Debug;
		};
		07BAAE02244B001300A0921F /* Release */ = {
			isa = XCBuildConfiguration;
			buildSettings = {
				CODE_SIGN_STYLE = Automatic;
				DEVELOPMENT_TEAM = 343NRCW763;
				INFOPLIST_FILE = ceshiUITests/Info.plist;
				LD_RUNPATH_SEARCH_PATHS = (
					"$(inherited)",
					"@executable_path/Frameworks",
					"@loader_path/Frameworks",
				);
				PRODUCT_BUNDLE_IDENTIFIER = HY.ceshiUITests;
				PRODUCT_NAME = "$(TARGET_NAME)";
				TARGETED_DEVICE_FAMILY = "1,2";
				TEST_TARGET_NAME = ceshi;
			};
			name = Release;
		};
/* End XCBuildConfiguration section */

/* Begin XCConfigurationList section */
		07BAADC6244B000B00A0921F /* Build configuration list for PBXProject "ceshi" */ = {
			isa = XCConfigurationList;
			buildConfigurations = (
				07BAADF8244B001300A0921F /* Debug */,
				07BAADF9244B001300A0921F /* Release */,
			);
			defaultConfigurationIsVisible = 0;
			defaultConfigurationName = Release;
		};
		07BAADFA244B001300A0921F /* Build configuration list for PBXNativeTarget "ceshi" */ = {
			isa = XCConfigurationList;
			buildConfigurations = (
				07BAADFB244B001300A0921F /* Debug */,
				07BAADFC244B001300A0921F /* Release */,
			);
			defaultConfigurationIsVisible = 0;
			defaultConfigurationName = Release;
		};
		07BAADFD244B001300A0921F /* Build configuration list for PBXNativeTarget "ceshiTests" */ = {
			isa = XCConfigurationList;
			buildConfigurations = (
				07BAADFE244B001300A0921F /* Debug */,
				07BAADFF244B001300A0921F /* Release */,
			);
			defaultConfigurationIsVisible = 0;
			defaultConfigurationName = Release;
		};
		07BAAE00244B001300A0921F /* Build configuration list for PBXNativeTarget "ceshiUITests" */ = {
			isa = XCConfigurationList;
			buildConfigurations = (
				07BAAE01244B001300A0921F /* Debug */,
				07BAAE02244B001300A0921F /* Release */,
			);
			defaultConfigurationIsVisible = 0;
			defaultConfigurationName = Release;
		};
/* End XCConfigurationList section */
	};
	rootObject = 07BAADC3244B000B00A0921F /* Project object */;
}
